
Microsoft Visual Studio Solution File, Format Version 12.00
# Visual Studio Version 17
VisualStudioVersion = 17.5.002.0
MinimumVisualStudioVersion = 10.0.40219.1
Project("{FAE04EC0-301F-11D3-BF4B-00C04F79EFBC}") = "Authentication", "Authentication\Authentication.csproj", "{702891EB-0FB1-4F08-A27F-889018EE7E16}"
EndProject
Project("{FAE04EC0-301F-11D3-BF4B-00C04F79EFBC}") = "ServiceManagement", "ServiceManagement\ServiceManagement.csproj", "{F1F42F25-A490-4DD8-957C-4D54DC149667}"
EndProject
Project("{FAE04EC0-301F-11D3-BF4B-00C04F79EFBC}") = "UserManagement", "UserManagement\UserManagement.csproj", "{2B44DA6F-3B92-40F9-9FE2-0F79308E6506}"
EndProject
Project("{FAE04EC0-301F-11D3-BF4B-00C04F79EFBC}") = "RegisterManagement", "RegisterManagement\RegisterManagement.csproj", "{78566B01-FD61-49F1-A220-B38709518310}"
EndProject
Global
	GlobalSection(SolutionConfigurationPlatforms) = preSolution
		Debug|Any CPU = Debug|Any CPU
		Release|Any CPU = Release|Any CPU
	EndGlobalSection
	GlobalSection(ProjectConfigurationPlatforms) = postSolution
		{702891EB-0FB1-4F08-A27F-889018EE7E16}.Debug|Any CPU.ActiveCfg = Debug|Any CPU
		{702891EB-0FB1-4F08-A27F-889018EE7E16}.Debug|Any CPU.Build.0 = Debug|Any CPU
		{702891EB-0FB1-4F08-A27F-889018EE7E16}.Release|Any CPU.ActiveCfg = Release|Any CPU
		{702891EB-0FB1-4F08-A27F-889018EE7E16}.Release|Any CPU.Build.0 = Release|Any CPU
		{F1F42F25-A490-4DD8-957C-4D54DC149667}.Debug|Any CPU.ActiveCfg = Debug|Any CPU
		{F1F42F25-A490-4DD8-957C-4D54DC149667}.Debug|Any CPU.Build.0 = Debug|Any CPU
		{F1F42F25-A490-4DD8-957C-4D54DC149667}.Release|Any CPU.ActiveCfg = Release|Any CPU
		{F1F42F25-A490-4DD8-957C-4D54DC149667}.Release|Any CPU.Build.0 = Release|Any CPU
		{2B44DA6F-3B92-40F9-9FE2-0F79308E6506}.Debug|Any CPU.ActiveCfg = Debug|Any CPU
		{2B44DA6F-3B92-40F9-9FE2-0F79308E6506}.Debug|Any CPU.Build.0 = Debug|Any CPU
		{2B44DA6F-3B92-40F9-9FE2-0F79308E6506}.Release|Any CPU.ActiveCfg = Release|Any CPU
		{2B44DA6F-3B92-40F9-9FE2-0F79308E6506}.Release|Any CPU.Build.0 = Release|Any CPU
		{78566B01-FD61-49F1-A220-B38709518310}.Debug|Any CPU.ActiveCfg = Debug|Any CPU
		{78566B01-FD61-49F1-A220-B38709518310}.Debug|Any CPU.Build.0 = Debug|Any CPU
		{78566B01-FD61-49F1-A220-B38709518310}.Release|Any CPU.ActiveCfg = Release|Any CPU
		{78566B01-FD61-49F1-A220-B38709518310}.Release|Any CPU.Build.0 = Release|Any CPU
	EndGlobalSection
	GlobalSection(SolutionProperties) = preSolution
		HideSolutionNode = FALSE
	EndGlobalSection
	GlobalSection(ExtensibilityGlobals) = postSolution
		SolutionGuid = {0EE0B05A-DED7-4760-807B-69BF81EFBC76}
	EndGlobalSection
EndGlobal
